
Microsoft Visual Studio Solution File, Format Version 10.00
# Visual Studio 2008
Project("{F14B399A-7131-4C87-9E4B-1186C45EF12D}") = "Report", "Report\Report.rptproj", "{04CD43F4-610B-4405-AE7D-610AD28047F4}"
EndProject
Global
	GlobalSection(SolutionConfigurationPlatforms) = preSolution
		Debug|Default = Debug|Default
		DebugLocal|Default = DebugLocal|Default
		Release|Default = Release|Default
	EndGlobalSection
	GlobalSection(ProjectConfigurationPlatforms) = postSolution
		{04CD43F4-610B-4405-AE7D-610AD28047F4}.Debug|Default.ActiveCfg = Debug
		{04CD43F4-610B-4405-AE7D-610AD28047F4}.Debug|Default.Build.0 = DebugLocal
		{04CD43F4-610B-4405-AE7D-610AD28047F4}.Debug|Default.Deploy.0 = DebugLocal
		{04CD43F4-610B-4405-AE7D-610AD28047F4}.DebugLocal|Default.ActiveCfg = DebugLocal
		{04CD43F4-610B-4405-AE7D-610AD28047F4}.DebugLocal|Default.Build.0 = DebugLocal
		{04CD43F4-610B-4405-AE7D-610AD28047F4}.Release|Default.ActiveCfg = Release
		{04CD43F4-610B-4405-AE7D-610AD28047F4}.Release|Default.Build.0 = Release
		{04CD43F4-610B-4405-AE7D-610AD28047F4}.Release|Default.Deploy.0 = Release
	EndGlobalSection
	GlobalSection(SolutionProperties) = preSolution
		HideSolutionNode = FALSE
	EndGlobalSection
EndGlobal
