
Microsoft Visual Studio Solution File, Format Version 12.00
# Visual Studio 2013
VisualStudioVersion = 12.0.21005.1
MinimumVisualStudioVersion = 10.0.40219.1
Project("{FAE04EC0-301F-11D3-BF4B-00C04F79EFBC}") = "MAFWeb", "MAFWeb\MAFWeb.csproj", "{B38BBF65-ABA3-422A-8447-50ED3C54B4CF}"
EndProject
Project("{FAE04EC0-301F-11D3-BF4B-00C04F79EFBC}") = "MAF.DAL", "MAF.DAL\MAF.DAL.csproj", "{62EBC157-6166-4091-8ACF-E334DAF67463}"
EndProject
Project("{FAE04EC0-301F-11D3-BF4B-00C04F79EFBC}") = "MAF.BAL", "MAF.BAL\MAF.BAL.csproj", "{A3FF81F9-625F-455A-B23A-5647E946D9E2}"
EndProject
Global
	GlobalSection(TeamFoundationVersionControl) = preSolution
		SccNumberOfProjects = 4
		SccEnterpriseProvider = {4CA58AB2-18FA-4F8D-95D4-32DDF27D184C}
		SccTeamFoundationServer = http://tfs01:8080/tfs/chetuprojects
		SccLocalPath0 = .
		SccProjectUniqueName1 = MAF.DAL\\MAF.DAL.csproj
		SccProjectName1 = MAF.DAL
		SccLocalPath1 = MAF.DAL
		SccProjectUniqueName2 = MAF.BAL\\MAF.BAL.csproj
		SccProjectName2 = MAF.BAL
		SccLocalPath2 = MAF.BAL
		SccProjectUniqueName3 = MAFWeb\\MAFWeb.csproj
		SccProjectName3 = MAFWeb
		SccLocalPath3 = MAFWeb
	EndGlobalSection
	GlobalSection(SolutionConfigurationPlatforms) = preSolution
		Debug|Any CPU = Debug|Any CPU
		Release|Any CPU = Release|Any CPU
	EndGlobalSection
	GlobalSection(ProjectConfigurationPlatforms) = postSolution
		{B38BBF65-ABA3-422A-8447-50ED3C54B4CF}.Debug|Any CPU.ActiveCfg = Debug|Any CPU
		{B38BBF65-ABA3-422A-8447-50ED3C54B4CF}.Debug|Any CPU.Build.0 = Debug|Any CPU
		{B38BBF65-ABA3-422A-8447-50ED3C54B4CF}.Release|Any CPU.ActiveCfg = Release|Any CPU
		{B38BBF65-ABA3-422A-8447-50ED3C54B4CF}.Release|Any CPU.Build.0 = Release|Any CPU
		{62EBC157-6166-4091-8ACF-E334DAF67463}.Debug|Any CPU.ActiveCfg = Debug|Any CPU
		{62EBC157-6166-4091-8ACF-E334DAF67463}.Debug|Any CPU.Build.0 = Debug|Any CPU
		{62EBC157-6166-4091-8ACF-E334DAF67463}.Release|Any CPU.ActiveCfg = Release|Any CPU
		{62EBC157-6166-4091-8ACF-E334DAF67463}.Release|Any CPU.Build.0 = Release|Any CPU
		{A3FF81F9-625F-455A-B23A-5647E946D9E2}.Debug|Any CPU.ActiveCfg = Debug|Any CPU
		{A3FF81F9-625F-455A-B23A-5647E946D9E2}.Debug|Any CPU.Build.0 = Debug|Any CPU
		{A3FF81F9-625F-455A-B23A-5647E946D9E2}.Release|Any CPU.ActiveCfg = Release|Any CPU
		{A3FF81F9-625F-455A-B23A-5647E946D9E2}.Release|Any CPU.Build.0 = Release|Any CPU
	EndGlobalSection
	GlobalSection(SolutionProperties) = preSolution
		HideSolutionNode = FALSE
	EndGlobalSection
	GlobalSection(ExtensibilityGlobals) = postSolution
		EnterpriseLibraryConfigurationToolBinariesPath = packages\Unity.2.1.505.2\lib\NET35;packages\Unity.Interception.2.1.505.2\lib\NET35;packages\EnterpriseLibrary.Common.5.0.505.0\lib\NET35;packages\EnterpriseLibrary.Data.5.0.505.0\lib\NET35;packages\EntLibContrib.Data.MySql.5.0.505.0\lib\NET35
	EndGlobalSection
EndGlobal
